// !$*UTF8*$!
{
	archiveVersion = 1;
	classes = {
	};
	objectVersion = 50;
	objects = {

/* Begin PBXBuildFile section */
		3308424F22ED572000D62FFD /* AppDelegate.swift in Sources */ = {isa = PBXBuildFile; fileRef = 3308424E22ED572000D62FFD /* AppDelegate.swift */; };
		3308425122ED572000D62FFD /* ViewController.swift in Sources */ = {isa = PBXBuildFile; fileRef = 3308425022ED572000D62FFD /* ViewController.swift */; };
		3308425422ED572000D62FFD /* Main.storyboard in Resources */ = {isa = PBXBuildFile; fileRef = 3308425222ED572000D62FFD /* Main.storyboard */; };
		3308425622ED572200D62FFD /* Assets.xcassets in Resources */ = {isa = PBXBuildFile; fileRef = 3308425522ED572200D62FFD /* Assets.xcassets */; };
		3308425922ED572200D62FFD /* LaunchScreen.storyboard in Resources */ = {isa = PBXBuildFile; fileRef = 3308425722ED572200D62FFD /* LaunchScreen.storyboard */; };
		3308426122ED588F00D62FFD /* Coordinator.swift in Sources */ = {isa = PBXBuildFile; fileRef = 3308426022ED588F00D62FFD /* Coordinator.swift */; };
		3308426422ED594300D62FFD /* Storyboarded.swift in Sources */ = {isa = PBXBuildFile; fileRef = 3308426322ED594300D62FFD /* Storyboarded.swift */; };
		3308426622ED5B4600D62FFD /* MainCoordinator.swift in Sources */ = {isa = PBXBuildFile; fileRef = 3308426522ED5B4600D62FFD /* MainCoordinator.swift */; };
		3308426822ED5C7700D62FFD /* BuyViewController.swift in Sources */ = {isa = PBXBuildFile; fileRef = 3308426722ED5C7700D62FFD /* BuyViewController.swift */; };
		3308426A22ED5C8800D62FFD /* CreateAccountViewController.swift in Sources */ = {isa = PBXBuildFile; fileRef = 3308426922ED5C8800D62FFD /* CreateAccountViewController.swift */; };
/* End PBXBuildFile section */

/* Begin PBXFileReference section */
		3308424B22ED572000D62FFD /* CoordinatorLearning.app */ = {isa = PBXFileReference; explicitFileType = wrapper.application; includeInIndex = 0; path = CoordinatorLearning.app; sourceTree = BUILT_PRODUCTS_DIR; };
		3308424E22ED572000D62FFD /* AppDelegate.swift */ = {isa = PBXFileReference; lastKnownFileType = sourcecode.swift; path = AppDelegate.swift; sourceTree = "<group>"; };
		3308425022ED572000D62FFD /* ViewController.swift */ = {isa = PBXFileReference; lastKnownFileType = sourcecode.swift; path = ViewController.swift; sourceTree = "<group>"; };
		3308425322ED572000D62FFD /* Base */ = {isa = PBXFileReference; lastKnownFileType = file.storyboard; name = Base; path = Base.lproj/Main.storyboard; sourceTree = "<group>"; };
		3308425522ED572200D62FFD /* Assets.xcassets */ = {isa = PBXFileReference; lastKnownFileType = folder.assetcatalog; path = Assets.xcassets; sourceTree = "<group>"; };
		3308425822ED572200D62FFD /* Base */ = {isa = PBXFileReference; lastKnownFileType = file.storyboard; name = Base; path = Base.lproj/LaunchScreen.storyboard; sourceTree = "<group>"; };
		3308425A22ED572200D62FFD /* Info.plist */ = {isa = PBXFileReference; lastKnownFileType = text.plist.xml; path = Info.plist; sourceTree = "<group>"; };
		3308426022ED588F00D62FFD /* Coordinator.swift */ = {isa = PBXFileReference; lastKnownFileType = sourcecode.swift; path = Coordinator.swift; sourceTree = "<group>"; };
		3308426322ED594300D62FFD /* Storyboarded.swift */ = {isa = PBXFileReference; lastKnownFileType = sourcecode.swift; path = Storyboarded.swift; sourceTree = "<group>"; };
		3308426522ED5B4600D62FFD /* MainCoordinator.swift */ = {isa = PBXFileReference; lastKnownFileType = sourcecode.swift; path = MainCoordinator.swift; sourceTree = "<group>"; };
		3308426722ED5C7700D62FFD /* BuyViewController.swift */ = {isa = PBXFileReference; lastKnownFileType = sourcecode.swift; path = BuyViewController.swift; sourceTree = "<group>"; };
		3308426922ED5C8800D62FFD /* CreateAccountViewController.swift */ = {isa = PBXFileReference; lastKnownFileType = sourcecode.swift; path = CreateAccountViewController.swift; sourceTree = "<group>"; };
		3308427022ED6A7200D62FFD /* readme.md */ = {isa = PBXFileReference; lastKnownFileType = net.daringfireball.markdown; path = readme.md; sourceTree = "<group>"; };
/* End PBXFileReference section */

/* Begin PBXFrameworksBuildPhase section */
		3308424822ED572000D62FFD /* Frameworks */ = {
			isa = PBXFrameworksBuildPhase;
			buildActionMask = 2147483647;
			files = (
			);
			runOnlyForDeploymentPostprocessing = 0;
		};
/* End PBXFrameworksBuildPhase section */

/* Begin PBXGroup section */
		3308424222ED572000D62FFD = {
			isa = PBXGroup;
			children = (
				3308427022ED6A7200D62FFD /* readme.md */,
				3308424D22ED572000D62FFD /* CoordinatorLearning */,
				3308424C22ED572000D62FFD /* Products */,
			);
			sourceTree = "<group>";
		};
		3308424C22ED572000D62FFD /* Products */ = {
			isa = PBXGroup;
			children = (
				3308424B22ED572000D62FFD /* CoordinatorLearning.app */,
			);
			name = Products;
			sourceTree = "<group>";
		};
		3308424D22ED572000D62FFD /* CoordinatorLearning */ = {
			isa = PBXGroup;
			children = (
				3308426222ED593500D62FFD /* Coordinator Helpers */,
				3308424E22ED572000D62FFD /* AppDelegate.swift */,
				3308426B22ED5C9200D62FFD /* View Controllers */,
				3308425222ED572000D62FFD /* Main.storyboard */,
				3308425522ED572200D62FFD /* Assets.xcassets */,
				3308425722ED572200D62FFD /* LaunchScreen.storyboard */,
				3308425A22ED572200D62FFD /* Info.plist */,
			);
			path = CoordinatorLearning;
			sourceTree = "<group>";
		};
		3308426222ED593500D62FFD /* Coordinator Helpers */ = {
			isa = PBXGroup;
			children = (
				3308426022ED588F00D62FFD /* Coordinator.swift */,
				3308426322ED594300D62FFD /* Storyboarded.swift */,
				3308426522ED5B4600D62FFD /* MainCoordinator.swift */,
			);
			path = "Coordinator Helpers";
			sourceTree = "<group>";
		};
		3308426B22ED5C9200D62FFD /* View Controllers */ = {
			isa = PBXGroup;
			children = (
				3308426722ED5C7700D62FFD /* BuyViewController.swift */,
				3308426922ED5C8800D62FFD /* CreateAccountViewController.swift */,
				3308425022ED572000D62FFD /* ViewController.swift */,
			);
			path = "View Controllers";
			sourceTree = "<group>";
		};
/* End PBXGroup section */

/* Begin PBXNativeTarget section */
		3308424A22ED572000D62FFD /* CoordinatorLearning */ = {
			isa = PBXNativeTarget;
			buildConfigurationList = 3308425D22ED572200D62FFD /* Build configuration list for PBXNativeTarget "CoordinatorLearning" */;
			buildPhases = (
				3308424722ED572000D62FFD /* Sources */,
				3308424822ED572000D62FFD /* Frameworks */,
				3308424922ED572000D62FFD /* Resources */,
			);
			buildRules = (
			);
			dependencies = (
			);
			name = CoordinatorLearning;
			productName = CoordinatorLearning;
			productReference = 3308424B22ED572000D62FFD /* CoordinatorLearning.app */;
			productType = "com.apple.product-type.application";
		};
/* End PBXNativeTarget section */

/* Begin PBXProject section */
		3308424322ED572000D62FFD /* Project object */ = {
			isa = PBXProject;
			attributes = {
				LastSwiftUpdateCheck = 1020;
				LastUpgradeCheck = 1020;
				ORGANIZATIONNAME = "Red_Egg Productions";
				TargetAttributes = {
					3308424A22ED572000D62FFD = {
						CreatedOnToolsVersion = 10.2.1;
					};
				};
			};
			buildConfigurationList = 3308424622ED572000D62FFD /* Build configuration list for PBXProject "CoordinatorLearning" */;
			compatibilityVersion = "Xcode 9.3";
			developmentRegion = en;
			hasScannedForEncodings = 0;
			knownRegions = (
				en,
				Base,
			);
			mainGroup = 3308424222ED572000D62FFD;
			productRefGroup = 3308424C22ED572000D62FFD /* Products */;
			projectDirPath = "";
			projectRoot = "";
			targets = (
				3308424A22ED572000D62FFD /* CoordinatorLearning */,
			);
		};
/* End PBXProject section */

/* Begin PBXResourcesBuildPhase section */
		3308424922ED572000D62FFD /* Resources */ = {
			isa = PBXResourcesBuildPhase;
			buildActionMask = 2147483647;
			files = (
				3308425922ED572200D62FFD /* LaunchScreen.storyboard in Resources */,
				3308425622ED572200D62FFD /* Assets.xcassets in Resources */,
				3308425422ED572000D62FFD /* Main.storyboard in Resources */,
			);
			runOnlyForDeploymentPostprocessing = 0;
		};
/* End PBXResourcesBuildPhase section */

/* Begin PBXSourcesBuildPhase section */
		3308424722ED572000D62FFD /* Sources */ = {
			isa = PBXSourcesBuildPhase;
			buildActionMask = 2147483647;
			files = (
				3308426A22ED5C8800D62FFD /* CreateAccountViewController.swift in Sources */,
				3308425122ED572000D62FFD /* ViewController.swift in Sources */,
				3308424F22ED572000D62FFD /* AppDelegate.swift in Sources */,
				3308426122ED588F00D62FFD /* Coordinator.swift in Sources */,
				3308426622ED5B4600D62FFD /* MainCoordinator.swift in Sources */,
				3308426422ED594300D62FFD /* Storyboarded.swift in Sources */,
				3308426822ED5C7700D62FFD /* BuyViewController.swift in Sources */,
			);
			runOnlyForDeploymentPostprocessing = 0;
		};
/* End PBXSourcesBuildPhase section */

/* Begin PBXVariantGroup section */
		3308425222ED572000D62FFD /* Main.storyboard */ = {
			isa = PBXVariantGroup;
			children = (
				3308425322ED572000D62FFD /* Base */,
			);
			name = Main.storyboard;
			sourceTree = "<group>";
		};
		3308425722ED572200D62FFD /* LaunchScreen.storyboard */ = {
			isa = PBXVariantGroup;
			children = (
				3308425822ED572200D62FFD /* Base */,
			);
			name = LaunchScreen.storyboard;
			sourceTree = "<group>";
		};
/* End PBXVariantGroup section */

/* Begin XCBuildConfiguration section */
		3308425B22ED572200D62FFD /* Debug */ = {
			isa = XCBuildConfiguration;
			buildSettings = {
				ALWAYS_SEARCH_USER_PATHS = NO;
				CLANG_ANALYZER_NONNULL = YES;
				CLANG_ANALYZER_NUMBER_OBJECT_CONVERSION = YES_AGGRESSIVE;
				CLANG_CXX_LANGUAGE_STANDARD = "gnu++14";
				CLANG_CXX_LIBRARY = "libc++";
				CLANG_ENABLE_MODULES = YES;
				CLANG_ENABLE_OBJC_ARC = YES;
				CLANG_ENABLE_OBJC_WEAK = YES;
				CLANG_WARN_BLOCK_CAPTURE_AUTORELEASING = YES;
				CLANG_WARN_BOOL_CONVERSION = YES;
				CLANG_WARN_COMMA = YES;
				CLANG_WARN_CONSTANT_CONVERSION = YES;
				CLANG_WARN_DEPRECATED_OBJC_IMPLEMENTATIONS = YES;
				CLANG_WARN_DIRECT_OBJC_ISA_USAGE = YES_ERROR;
				CLANG_WARN_DOCUMENTATION_COMMENTS = YES;
				CLANG_WARN_EMPTY_BODY = YES;
				CLANG_WARN_ENUM_CONVERSION = YES;
				CLANG_WARN_INFINITE_RECURSION = YES;
				CLANG_WARN_INT_CONVERSION = YES;
				CLANG_WARN_NON_LITERAL_NULL_CONVERSION = YES;
				CLANG_WARN_OBJC_IMPLICIT_RETAIN_SELF = YES;
				CLANG_WARN_OBJC_LITERAL_CONVERSION = YES;
				CLANG_WARN_OBJC_ROOT_CLASS = YES_ERROR;
				CLANG_WARN_RANGE_LOOP_ANALYSIS = YES;
				CLANG_WARN_STRICT_PROTOTYPES = YES;
				CLANG_WARN_SUSPICIOUS_MOVE = YES;
				CLANG_WARN_UNGUARDED_AVAILABILITY = YES_AGGRESSIVE;
				CLANG_WARN_UNREACHABLE_CODE = YES;
				CLANG_WARN__DUPLICATE_METHOD_MATCH = YES;
				CODE_SIGN_IDENTITY = "iPhone Developer";
				COPY_PHASE_STRIP = NO;
				DEBUG_INFORMATION_FORMAT = dwarf;
				ENABLE_STRICT_OBJC_MSGSEND = YES;
				ENABLE_TESTABILITY = YES;
				GCC_C_LANGUAGE_STANDARD = gnu11;
				GCC_DYNAMIC_NO_PIC = NO;
				GCC_NO_COMMON_BLOCKS = YES;
				GCC_OPTIMIZATION_LEVEL = 0;
				GCC_PREPROCESSOR_DEFINITIONS = (
					"DEBUG=1",
					"$(inherited)",
				);
				GCC_WARN_64_TO_32_BIT_CONVERSION = YES;
				GCC_WARN_ABOUT_RETURN_TYPE = YES_ERROR;
				GCC_WARN_UNDECLARED_SELECTOR = YES;
				GCC_WARN_UNINITIALIZED_AUTOS = YES_AGGRESSIVE;
				GCC_WARN_UNUSED_FUNCTION = YES;
				GCC_WARN_UNUSED_VARIABLE = YES;
				IPHONEOS_DEPLOYMENT_TARGET = 12.2;
				MTL_ENABLE_DEBUG_INFO = INCLUDE_SOURCE;
				MTL_FAST_MATH = YES;
				ONLY_ACTIVE_ARCH = YES;
				SDKROOT = iphoneos;
				SWIFT_ACTIVE_COMPILATION_CONDITIONS = DEBUG;
				SWIFT_OPTIMIZATION_LEVEL = "-Onone";
			};
			name = Debug;
		};
		3308425C22ED572200D62FFD /* Release */ = {
			isa = XCBuildConfiguration;
			buildSettings = {
				ALWAYS_SEARCH_USER_PATHS = NO;
				CLANG_ANALYZER_NONNULL = YES;
				CLANG_ANALYZER_NUMBER_OBJECT_CONVERSION = YES_AGGRESSIVE;
				CLANG_CXX_LANGUAGE_STANDARD = "gnu++14";
				CLANG_CXX_LIBRARY = "libc++";
				CLANG_ENABLE_MODULES = YES;
				CLANG_ENABLE_OBJC_ARC = YES;
				CLANG_ENABLE_OBJC_WEAK = YES;
				CLANG_WARN_BLOCK_CAPTURE_AUTORELEASING = YES;
				CLANG_WARN_BOOL_CONVERSION = YES;
				CLANG_WARN_COMMA = YES;
				CLANG_WARN_CONSTANT_CONVERSION = YES;
				CLANG_WARN_DEPRECATED_OBJC_IMPLEMENTATIONS = YES;
				CLANG_WARN_DIRECT_OBJC_ISA_USAGE = YES_ERROR;
				CLANG_WARN_DOCUMENTATION_COMMENTS = YES;
				CLANG_WARN_EMPTY_BODY = YES;
				CLANG_WARN_ENUM_CONVERSION = YES;
				CLANG_WARN_INFINITE_RECURSION = YES;
				CLANG_WARN_INT_CONVERSION = YES;
				CLANG_WARN_NON_LITERAL_NULL_CONVERSION = YES;
				CLANG_WARN_OBJC_IMPLICIT_RETAIN_SELF = YES;
				CLANG_WARN_OBJC_LITERAL_CONVERSION = YES;
				CLANG_WARN_OBJC_ROOT_CLASS = YES_ERROR;
				CLANG_WARN_RANGE_LOOP_ANALYSIS = YES;
				CLANG_WARN_STRICT_PROTOTYPES = YES;
				CLANG_WARN_SUSPICIOUS_MOVE = YES;
				CLANG_WARN_UNGUARDED_AVAILABILITY = YES_AGGRESSIVE;
				CLANG_WARN_UNREACHABLE_CODE = YES;
				CLANG_WARN__DUPLICATE_METHOD_MATCH = YES;
				CODE_SIGN_IDENTITY = "iPhone Developer";
				COPY_PHASE_STRIP = NO;
				DEBUG_INFORMATION_FORMAT = "dwarf-with-dsym";
				ENABLE_NS_ASSERTIONS = NO;
				ENABLE_STRICT_OBJC_MSGSEND = YES;
				GCC_C_LANGUAGE_STANDARD = gnu11;
				GCC_NO_COMMON_BLOCKS = YES;
				GCC_WARN_64_TO_32_BIT_CONVERSION = YES;
				GCC_WARN_ABOUT_RETURN_TYPE = YES_ERROR;
				GCC_WARN_UNDECLARED_SELECTOR = YES;
				GCC_WARN_UNINITIALIZED_AUTOS = YES_AGGRESSIVE;
				GCC_WARN_UNUSED_FUNCTION = YES;
				GCC_WARN_UNUSED_VARIABLE = YES;
				IPHONEOS_DEPLOYMENT_TARGET = 12.2;
				MTL_ENABLE_DEBUG_INFO = NO;
				MTL_FAST_MATH = YES;
				SDKROOT = iphoneos;
				SWIFT_COMPILATION_MODE = wholemodule;
				SWIFT_OPTIMIZATION_LEVEL = "-O";
				VALIDATE_PRODUCT = YES;
			};
			name = Release;
		};
		3308425E22ED572200D62FFD /* Debug */ = {
			isa = XCBuildConfiguration;
			buildSettings = {
				ASSETCATALOG_COMPILER_APPICON_NAME = AppIcon;
				CODE_SIGN_STYLE = Automatic;
				DEVELOPMENT_TEAM = L5UZAT7KA9;
				INFOPLIST_FILE = CoordinatorLearning/Info.plist;
				LD_RUNPATH_SEARCH_PATHS = (
					"$(inherited)",
					"@executable_path/Frameworks",
				);
				PRODUCT_BUNDLE_IDENTIFIER = com.redeggproductions.CoordinatorLearning;
				PRODUCT_NAME = "$(TARGET_NAME)";
				SWIFT_VERSION = 5.0;
				TARGETED_DEVICE_FAMILY = "1,2";
			};
			name = Debug;
		};
		3308425F22ED572200D62FFD /* Release */ = {
			isa = XCBuildConfiguration;
			buildSettings = {
				ASSETCATALOG_COMPILER_APPICON_NAME = AppIcon;
				CODE_SIGN_STYLE = Automatic;
				DEVELOPMENT_TEAM = L5UZAT7KA9;
				INFOPLIST_FILE = CoordinatorLearning/Info.plist;
				LD_RUNPATH_SEARCH_PATHS = (
					"$(inherited)",
					"@executable_path/Frameworks",
				);
				PRODUCT_BUNDLE_IDENTIFIER = com.redeggproductions.CoordinatorLearning;
				PRODUCT_NAME = "$(TARGET_NAME)";
				SWIFT_VERSION = 5.0;
				TARGETED_DEVICE_FAMILY = "1,2";
			};
			name = Release;
		};
/* End XCBuildConfiguration section */

/* Begin XCConfigurationList section */
		3308424622ED572000D62FFD /* Build configuration list for PBXProject "CoordinatorLearning" */ = {
			isa = XCConfigurationList;
			buildConfigurations = (
				3308425B22ED572200D62FFD /* Debug */,
				3308425C22ED572200D62FFD /* Release */,
			);
			defaultConfigurationIsVisible = 0;
			defaultConfigurationName = Release;
		};
		3308425D22ED572200D62FFD /* Build configuration list for PBXNativeTarget "CoordinatorLearning" */ = {
			isa = XCConfigurationList;
			buildConfigurations = (
				3308425E22ED572200D62FFD /* Debug */,
				3308425F22ED572200D62FFD /* Release */,
			);
			defaultConfigurationIsVisible = 0;
			defaultConfigurationName = Release;
		};
/* End XCConfigurationList section */
	};
	rootObject = 3308424322ED572000D62FFD /* Project object */;
}
